
Microsoft Visual Studio Solution File, Format Version 12.00
# Visual Studio Version 17
VisualStudioVersion = 17.13.35931.197
MinimumVisualStudioVersion = 10.0.40219.1
Project("{FAE04EC0-301F-11D3-BF4B-00C04F79EFBC}") = "ProductMicroServices", "ProductMicroServices\ProductMicroServices.csproj", "{BB960990-B4B3-423C-8B3A-0825C36E0730}"
EndProject
Project("{FAE04EC0-301F-11D3-BF4B-00C04F79EFBC}") = "ProductMicroServices.xUnitTests", "ProductMicroServices.xUnitTests\ProductMicroServices.xUnitTests.csproj", "{9BA57C7C-27DF-4C34-B305-D5C0C9E85D15}"
EndProject
Global
	GlobalSection(SolutionConfigurationPlatforms) = preSolution
		Debug|Any CPU = Debug|Any CPU
		Release|Any CPU = Release|Any CPU
	EndGlobalSection
	GlobalSection(ProjectConfigurationPlatforms) = postSolution
		{BB960990-B4B3-423C-8B3A-0825C36E0730}.Debug|Any CPU.ActiveCfg = Debug|Any CPU
		{BB960990-B4B3-423C-8B3A-0825C36E0730}.Debug|Any CPU.Build.0 = Debug|Any CPU
		{BB960990-B4B3-423C-8B3A-0825C36E0730}.Release|Any CPU.ActiveCfg = Release|Any CPU
		{BB960990-B4B3-423C-8B3A-0825C36E0730}.Release|Any CPU.Build.0 = Release|Any CPU
		{9BA57C7C-27DF-4C34-B305-D5C0C9E85D15}.Debug|Any CPU.ActiveCfg = Debug|Any CPU
		{9BA57C7C-27DF-4C34-B305-D5C0C9E85D15}.Debug|Any CPU.Build.0 = Debug|Any CPU
		{9BA57C7C-27DF-4C34-B305-D5C0C9E85D15}.Release|Any CPU.ActiveCfg = Release|Any CPU
		{9BA57C7C-27DF-4C34-B305-D5C0C9E85D15}.Release|Any CPU.Build.0 = Release|Any CPU
	EndGlobalSection
	GlobalSection(SolutionProperties) = preSolution
		HideSolutionNode = FALSE
	EndGlobalSection
	GlobalSection(ExtensibilityGlobals) = postSolution
		SolutionGuid = {E7F235AF-FA2A-4900-91EC-E8B12AFE2215}
	EndGlobalSection
EndGlobal
